
Microsoft Visual Studio Solution File, Format Version 12.00
# Visual Studio Version 16
VisualStudioVersion = 16.0.30114.105
MinimumVisualStudioVersion = 10.0.40219.1
Project("{FAE04EC0-301F-11D3-BF4B-00C04F79EFBC}") = "libcs", "libcs\libcs.csproj", "{C46A2F89-D63D-4795-A183-D48EA58D2E0D}"
EndProject
Project("{FAE04EC0-301F-11D3-BF4B-00C04F79EFBC}") = "libcs.common", "libcs.common\libcs.common.csproj", "{B9B2080A-DFB5-4772-BDF9-75F98BC52423}"
EndProject
Project("{FAE04EC0-301F-11D3-BF4B-00C04F79EFBC}") = "System.Private.CoreLib", "System.Private.CoreLib\System.Private.CoreLib.csproj", "{53ACC56E-1073-4300-A07F-68D12742D0BA}"
EndProject
Global
	GlobalSection(SolutionConfigurationPlatforms) = preSolution
		Debug|Any CPU = Debug|Any CPU
		Debug|x64 = Debug|x64
		Debug|x86 = Debug|x86
		Release|Any CPU = Release|Any CPU
		Release|x64 = Release|x64
		Release|x86 = Release|x86
		Debug|armel = Debug|armel
		Debug|arm = Debug|arm
		Debug|arm64 = Debug|arm64
		Checked|armel = Checked|armel
		Checked|x64 = Checked|x64
		Checked|x86 = Checked|x86
		Checked|arm = Checked|arm
		Checked|arm64 = Checked|arm64
		Release|armel = Release|armel
		Release|arm = Release|arm
		Release|arm64 = Release|arm64
	EndGlobalSection
	GlobalSection(SolutionProperties) = preSolution
		HideSolutionNode = FALSE
	EndGlobalSection
	GlobalSection(ProjectConfigurationPlatforms) = postSolution
		{C46A2F89-D63D-4795-A183-D48EA58D2E0D}.Debug|Any CPU.ActiveCfg = Debug|Any CPU
		{C46A2F89-D63D-4795-A183-D48EA58D2E0D}.Debug|Any CPU.Build.0 = Debug|Any CPU
		{C46A2F89-D63D-4795-A183-D48EA58D2E0D}.Debug|x64.ActiveCfg = Debug|Any CPU
		{C46A2F89-D63D-4795-A183-D48EA58D2E0D}.Debug|x64.Build.0 = Debug|Any CPU
		{C46A2F89-D63D-4795-A183-D48EA58D2E0D}.Debug|x86.ActiveCfg = Debug|Any CPU
		{C46A2F89-D63D-4795-A183-D48EA58D2E0D}.Debug|x86.Build.0 = Debug|Any CPU
		{C46A2F89-D63D-4795-A183-D48EA58D2E0D}.Release|Any CPU.ActiveCfg = Release|Any CPU
		{C46A2F89-D63D-4795-A183-D48EA58D2E0D}.Release|Any CPU.Build.0 = Release|Any CPU
		{C46A2F89-D63D-4795-A183-D48EA58D2E0D}.Release|x64.ActiveCfg = Release|Any CPU
		{C46A2F89-D63D-4795-A183-D48EA58D2E0D}.Release|x64.Build.0 = Release|Any CPU
		{C46A2F89-D63D-4795-A183-D48EA58D2E0D}.Release|x86.ActiveCfg = Release|Any CPU
		{C46A2F89-D63D-4795-A183-D48EA58D2E0D}.Release|x86.Build.0 = Release|Any CPU
		{C46A2F89-D63D-4795-A183-D48EA58D2E0D}.Debug|armel.ActiveCfg = Debug|Any CPU
		{C46A2F89-D63D-4795-A183-D48EA58D2E0D}.Debug|armel.Build.0 = Debug|Any CPU
		{C46A2F89-D63D-4795-A183-D48EA58D2E0D}.Debug|arm.ActiveCfg = Debug|Any CPU
		{C46A2F89-D63D-4795-A183-D48EA58D2E0D}.Debug|arm.Build.0 = Debug|Any CPU
		{C46A2F89-D63D-4795-A183-D48EA58D2E0D}.Debug|arm64.ActiveCfg = Debug|Any CPU
		{C46A2F89-D63D-4795-A183-D48EA58D2E0D}.Debug|arm64.Build.0 = Debug|Any CPU
		{C46A2F89-D63D-4795-A183-D48EA58D2E0D}.Checked|armel.ActiveCfg = Debug|Any CPU
		{C46A2F89-D63D-4795-A183-D48EA58D2E0D}.Checked|armel.Build.0 = Debug|Any CPU
		{C46A2F89-D63D-4795-A183-D48EA58D2E0D}.Checked|x64.ActiveCfg = Debug|Any CPU
		{C46A2F89-D63D-4795-A183-D48EA58D2E0D}.Checked|x64.Build.0 = Debug|Any CPU
		{C46A2F89-D63D-4795-A183-D48EA58D2E0D}.Checked|x86.ActiveCfg = Debug|Any CPU
		{C46A2F89-D63D-4795-A183-D48EA58D2E0D}.Checked|x86.Build.0 = Debug|Any CPU
		{C46A2F89-D63D-4795-A183-D48EA58D2E0D}.Checked|arm.ActiveCfg = Debug|Any CPU
		{C46A2F89-D63D-4795-A183-D48EA58D2E0D}.Checked|arm.Build.0 = Debug|Any CPU
		{C46A2F89-D63D-4795-A183-D48EA58D2E0D}.Checked|arm64.ActiveCfg = Debug|Any CPU
		{C46A2F89-D63D-4795-A183-D48EA58D2E0D}.Checked|arm64.Build.0 = Debug|Any CPU
		{C46A2F89-D63D-4795-A183-D48EA58D2E0D}.Release|armel.ActiveCfg = Release|Any CPU
		{C46A2F89-D63D-4795-A183-D48EA58D2E0D}.Release|armel.Build.0 = Release|Any CPU
		{C46A2F89-D63D-4795-A183-D48EA58D2E0D}.Release|arm.ActiveCfg = Release|Any CPU
		{C46A2F89-D63D-4795-A183-D48EA58D2E0D}.Release|arm.Build.0 = Release|Any CPU
		{C46A2F89-D63D-4795-A183-D48EA58D2E0D}.Release|arm64.ActiveCfg = Release|Any CPU
		{C46A2F89-D63D-4795-A183-D48EA58D2E0D}.Release|arm64.Build.0 = Release|Any CPU
		{B9B2080A-DFB5-4772-BDF9-75F98BC52423}.Debug|Any CPU.ActiveCfg = Debug|Any CPU
		{B9B2080A-DFB5-4772-BDF9-75F98BC52423}.Debug|Any CPU.Build.0 = Debug|Any CPU
		{B9B2080A-DFB5-4772-BDF9-75F98BC52423}.Debug|x64.ActiveCfg = Debug|Any CPU
		{B9B2080A-DFB5-4772-BDF9-75F98BC52423}.Debug|x64.Build.0 = Debug|Any CPU
		{B9B2080A-DFB5-4772-BDF9-75F98BC52423}.Debug|x86.ActiveCfg = Debug|Any CPU
		{B9B2080A-DFB5-4772-BDF9-75F98BC52423}.Debug|x86.Build.0 = Debug|Any CPU
		{B9B2080A-DFB5-4772-BDF9-75F98BC52423}.Release|Any CPU.ActiveCfg = Release|Any CPU
		{B9B2080A-DFB5-4772-BDF9-75F98BC52423}.Release|Any CPU.Build.0 = Release|Any CPU
		{B9B2080A-DFB5-4772-BDF9-75F98BC52423}.Release|x64.ActiveCfg = Release|Any CPU
		{B9B2080A-DFB5-4772-BDF9-75F98BC52423}.Release|x64.Build.0 = Release|Any CPU
		{B9B2080A-DFB5-4772-BDF9-75F98BC52423}.Release|x86.ActiveCfg = Release|Any CPU
		{B9B2080A-DFB5-4772-BDF9-75F98BC52423}.Release|x86.Build.0 = Release|Any CPU
		{B9B2080A-DFB5-4772-BDF9-75F98BC52423}.Debug|armel.ActiveCfg = Debug|Any CPU
		{B9B2080A-DFB5-4772-BDF9-75F98BC52423}.Debug|armel.Build.0 = Debug|Any CPU
		{B9B2080A-DFB5-4772-BDF9-75F98BC52423}.Debug|arm.ActiveCfg = Debug|Any CPU
		{B9B2080A-DFB5-4772-BDF9-75F98BC52423}.Debug|arm.Build.0 = Debug|Any CPU
		{B9B2080A-DFB5-4772-BDF9-75F98BC52423}.Debug|arm64.ActiveCfg = Debug|Any CPU
		{B9B2080A-DFB5-4772-BDF9-75F98BC52423}.Debug|arm64.Build.0 = Debug|Any CPU
		{B9B2080A-DFB5-4772-BDF9-75F98BC52423}.Checked|armel.ActiveCfg = Debug|Any CPU
		{B9B2080A-DFB5-4772-BDF9-75F98BC52423}.Checked|armel.Build.0 = Debug|Any CPU
		{B9B2080A-DFB5-4772-BDF9-75F98BC52423}.Checked|x64.ActiveCfg = Debug|Any CPU
		{B9B2080A-DFB5-4772-BDF9-75F98BC52423}.Checked|x64.Build.0 = Debug|Any CPU
		{B9B2080A-DFB5-4772-BDF9-75F98BC52423}.Checked|x86.ActiveCfg = Debug|Any CPU
		{B9B2080A-DFB5-4772-BDF9-75F98BC52423}.Checked|x86.Build.0 = Debug|Any CPU
		{B9B2080A-DFB5-4772-BDF9-75F98BC52423}.Checked|arm.ActiveCfg = Debug|Any CPU
		{B9B2080A-DFB5-4772-BDF9-75F98BC52423}.Checked|arm.Build.0 = Debug|Any CPU
		{B9B2080A-DFB5-4772-BDF9-75F98BC52423}.Checked|arm64.ActiveCfg = Debug|Any CPU
		{B9B2080A-DFB5-4772-BDF9-75F98BC52423}.Checked|arm64.Build.0 = Debug|Any CPU
		{B9B2080A-DFB5-4772-BDF9-75F98BC52423}.Release|armel.ActiveCfg = Release|Any CPU
		{B9B2080A-DFB5-4772-BDF9-75F98BC52423}.Release|armel.Build.0 = Release|Any CPU
		{B9B2080A-DFB5-4772-BDF9-75F98BC52423}.Release|arm.ActiveCfg = Release|Any CPU
		{B9B2080A-DFB5-4772-BDF9-75F98BC52423}.Release|arm.Build.0 = Release|Any CPU
		{B9B2080A-DFB5-4772-BDF9-75F98BC52423}.Release|arm64.ActiveCfg = Release|Any CPU
		{B9B2080A-DFB5-4772-BDF9-75F98BC52423}.Release|arm64.Build.0 = Release|Any CPU
		{53ACC56E-1073-4300-A07F-68D12742D0BA}.Debug|Any CPU.ActiveCfg = Debug|armel
		{53ACC56E-1073-4300-A07F-68D12742D0BA}.Debug|Any CPU.Build.0 = Debug|armel
		{53ACC56E-1073-4300-A07F-68D12742D0BA}.Debug|x64.ActiveCfg = Debug|x64
		{53ACC56E-1073-4300-A07F-68D12742D0BA}.Debug|x64.Build.0 = Debug|x64
		{53ACC56E-1073-4300-A07F-68D12742D0BA}.Debug|x86.ActiveCfg = Debug|x86
		{53ACC56E-1073-4300-A07F-68D12742D0BA}.Debug|x86.Build.0 = Debug|x86
		{53ACC56E-1073-4300-A07F-68D12742D0BA}.Release|Any CPU.ActiveCfg = Release|armel
		{53ACC56E-1073-4300-A07F-68D12742D0BA}.Release|Any CPU.Build.0 = Release|armel
		{53ACC56E-1073-4300-A07F-68D12742D0BA}.Release|x64.ActiveCfg = Release|x64
		{53ACC56E-1073-4300-A07F-68D12742D0BA}.Release|x64.Build.0 = Release|x64
		{53ACC56E-1073-4300-A07F-68D12742D0BA}.Release|x86.ActiveCfg = Release|x86
		{53ACC56E-1073-4300-A07F-68D12742D0BA}.Release|x86.Build.0 = Release|x86
		{53ACC56E-1073-4300-A07F-68D12742D0BA}.Debug|armel.ActiveCfg = Debug|armel
		{53ACC56E-1073-4300-A07F-68D12742D0BA}.Debug|armel.Build.0 = Debug|armel
		{53ACC56E-1073-4300-A07F-68D12742D0BA}.Debug|arm.ActiveCfg = Debug|arm
		{53ACC56E-1073-4300-A07F-68D12742D0BA}.Debug|arm.Build.0 = Debug|arm
		{53ACC56E-1073-4300-A07F-68D12742D0BA}.Debug|arm64.ActiveCfg = Debug|arm64
		{53ACC56E-1073-4300-A07F-68D12742D0BA}.Debug|arm64.Build.0 = Debug|arm64
		{53ACC56E-1073-4300-A07F-68D12742D0BA}.Checked|armel.ActiveCfg = Checked|armel
		{53ACC56E-1073-4300-A07F-68D12742D0BA}.Checked|armel.Build.0 = Checked|armel
		{53ACC56E-1073-4300-A07F-68D12742D0BA}.Checked|x64.ActiveCfg = Checked|x64
		{53ACC56E-1073-4300-A07F-68D12742D0BA}.Checked|x64.Build.0 = Checked|x64
		{53ACC56E-1073-4300-A07F-68D12742D0BA}.Checked|x86.ActiveCfg = Checked|x86
		{53ACC56E-1073-4300-A07F-68D12742D0BA}.Checked|x86.Build.0 = Checked|x86
		{53ACC56E-1073-4300-A07F-68D12742D0BA}.Checked|arm.ActiveCfg = Checked|arm
		{53ACC56E-1073-4300-A07F-68D12742D0BA}.Checked|arm.Build.0 = Checked|arm
		{53ACC56E-1073-4300-A07F-68D12742D0BA}.Checked|arm64.ActiveCfg = Checked|arm64
		{53ACC56E-1073-4300-A07F-68D12742D0BA}.Checked|arm64.Build.0 = Checked|arm64
		{53ACC56E-1073-4300-A07F-68D12742D0BA}.Release|armel.ActiveCfg = Release|armel
		{53ACC56E-1073-4300-A07F-68D12742D0BA}.Release|armel.Build.0 = Release|armel
		{53ACC56E-1073-4300-A07F-68D12742D0BA}.Release|arm.ActiveCfg = Release|arm
		{53ACC56E-1073-4300-A07F-68D12742D0BA}.Release|arm.Build.0 = Release|arm
		{53ACC56E-1073-4300-A07F-68D12742D0BA}.Release|arm64.ActiveCfg = Release|arm64
		{53ACC56E-1073-4300-A07F-68D12742D0BA}.Release|arm64.Build.0 = Release|arm64
	EndGlobalSection
EndGlobal
